<?xml version="1.0" encoding="utf-8"?>
<Project ToolsVersion="4.0" xmlns="http://schemas.microsoft.com/developer/msbuild/2003">
  <ItemGroup>
    <Filter Include="Header Files">
      <UniqueIdentifier>{93995380-89BD-4b04-88EB-625FBE52EBFB}</UniqueIdentifier>
      <Extensions>h;hh;hpp;hxx;h++;hm;inl;inc;ipp;xsd</Extensions>
    </Filter>
    <Filter Include="Resource Files">
      <UniqueIdentifier>{67DA6AB6-F800-4c08-8B7A-83BB121AAD01}</UniqueIdentifier>
      <Extensions>rc;ico;cur;bmp;dlg;rc2;rct;bin;rgs;gif;jpg;jpeg;jpe;resx;tiff;tif;png;wav;mfcribbon-ms</Extensions>
    </Filter>
    <Filter Include="Header Files\Imgui stuff">
      <UniqueIdentifier>{8c3b8c27-7dde-4c04-bb0b-e94727ce5289}</UniqueIdentifier>
    </Filter>
    <Filter Include="Game Code">
      <UniqueIdentifier>{6a01544c-79e2-43bb-a7c6-19f3b0908b69}</UniqueIdentifier>
    </Filter>
    <Filter Include="Game Code\Header">
      <UniqueIdentifier>{c99641f2-d3ce-49e5-9a55-c1e715437b53}</UniqueIdentifier>
    </Filter>
    <Filter Include="Game Code\Source">
      <UniqueIdentifier>{4e6b50cb-d137-4aeb-b759-1b5cd2aa73c7}</UniqueIdentifier>
    </Filter>
    <Filter Include="Source Files">
      <UniqueIdentifier>{4FC737F1-C7A5-4376-A066-2A32D752A2FF}</UniqueIdentifier>
      <Extensions>cpp;c;cc;cxx;c++;cppm;ixx;def;odl;idl;hpj;bat;asm;asmx</Extensions>
    </Filter>
    <Filter Include="Header Files\GUI Actions">
      <UniqueIdentifier>{0a27f171-a9ff-47cb-8c75-7106f6f1d6da}</UniqueIdentifier>
    </Filter>
  </ItemGroup>
  <ItemGroup>
    <ClCompile Include="MoxEditor.cpp">
      <Filter>Source Files</Filter>
    </ClCompile>
    <ClCompile Include="src\imgui.cpp">
      <Filter>Header Files\Imgui stuff</Filter>
    </ClCompile>
    <ClCompile Include="src\imgui_demo.cpp">
      <Filter>Header Files\Imgui stuff</Filter>
    </ClCompile>
    <ClCompile Include="src\imgui_draw.cpp">
      <Filter>Header Files\Imgui stuff</Filter>
    </ClCompile>
    <ClCompile Include="src\imgui_tables.cpp">
      <Filter>Header Files\Imgui stuff</Filter>
    </ClCompile>
    <ClCompile Include="src\imgui_widgets.cpp">
      <Filter>Header Files\Imgui stuff</Filter>
    </ClCompile>
    <ClCompile Include="src\imgui-SFML.cpp">
      <Filter>Header Files\Imgui stuff</Filter>
    </ClCompile>
    <ClCompile Include="src\CreateGameObject.cpp">
      <Filter>Source Files</Filter>
    </ClCompile>
    <ClCompile Include="src\GUI_Action.cpp">
      <Filter>Source Files</Filter>
    </ClCompile>
    <ClCompile Include="src\GUI_Inspector.cpp">
      <Filter>Source Files</Filter>
    </ClCompile>
  </ItemGroup>
  <ItemGroup>
    <ClInclude Include="src\imconfig.h">
      <Filter>Header Files\Imgui stuff</Filter>
    </ClInclude>
    <ClInclude Include="src\imgui.h">
      <Filter>Header Files\Imgui stuff</Filter>
    </ClInclude>
    <ClInclude Include="src\imgui_internal.h">
      <Filter>Header Files\Imgui stuff</Filter>
    </ClInclude>
    <ClInclude Include="src\imgui-SFML.h">
      <Filter>Header Files\Imgui stuff</Filter>
    </ClInclude>
    <ClInclude Include="src\imgui-SFML_export.h">
      <Filter>Header Files\Imgui stuff</Filter>
    </ClInclude>
    <ClInclude Include="src\imstb_rectpack.h">
      <Filter>Header Files\Imgui stuff</Filter>
    </ClInclude>
    <ClInclude Include="src\imstb_textedit.h">
      <Filter>Header Files\Imgui stuff</Filter>
    </ClInclude>
    <ClInclude Include="src\imstb_truetype.h">
      <Filter>Header Files\Imgui stuff</Filter>
    </ClInclude>
    <ClInclude Include="src\CreateGameObject.h">
      <Filter>Header Files</Filter>
    </ClInclude>
    <ClInclude Include="src\PlayerMovement.h">
      <Filter>Game Code\Header</Filter>
    </ClInclude>
    <ClInclude Include="src\SceneHeirarchy.h">
      <Filter>Header Files</Filter>
    </ClInclude>
    <ClInclude Include="src\GUI_Manager.h">
      <Filter>Header Files</Filter>
    </ClInclude>
    <ClInclude Include="src\GUI_Action.h">
      <Filter>Header Files\GUI Actions</Filter>
    </ClInclude>
    <ClInclude Include="src\GUI_Inspector.h">
      <Filter>Header Files</Filter>
    </ClInclude>
  </ItemGroup>
</Project>